// !$*UTF8*$!
{
	archiveVersion = 1;
	classes = {
	};
	objectVersion = 52;
	objects = {

/* Begin PBXBuildFile section */
		850EB3CF258EABE900510705 /* Actor.swift in Sources */ = {isa = PBXBuildFile; fileRef = 850EB3CE258EABE900510705 /* Actor.swift */; };
		850EB3D2258EAFF400510705 /* Trigger.swift in Sources */ = {isa = PBXBuildFile; fileRef = 850EB3D1258EAFF400510705 /* Trigger.swift */; };
		857402E725817C81000ABD86 /* Target.swift in Sources */ = {isa = PBXBuildFile; fileRef = 857402E625817C81000ABD86 /* Target.swift */; };
		859E4CA623F7FFD900F4342C /* AppDelegate.swift in Sources */ = {isa = PBXBuildFile; fileRef = 859E4CA523F7FFD900F4342C /* AppDelegate.swift */; };
		859E4CA823F7FFD900F4342C /* SceneDelegate.swift in Sources */ = {isa = PBXBuildFile; fileRef = 859E4CA723F7FFD900F4342C /* SceneDelegate.swift */; };
		859E4CAA23F7FFD900F4342C /* ContentView.swift in Sources */ = {isa = PBXBuildFile; fileRef = 859E4CA923F7FFD900F4342C /* ContentView.swift */; };
		859E4CAC23F7FFDA00F4342C /* Assets.xcassets in Resources */ = {isa = PBXBuildFile; fileRef = 859E4CAB23F7FFDA00F4342C /* Assets.xcassets */; };
		859E4CAF23F7FFDA00F4342C /* Preview Assets.xcassets in Resources */ = {isa = PBXBuildFile; fileRef = 859E4CAE23F7FFDA00F4342C /* Preview Assets.xcassets */; };
		859E4CB223F7FFDA00F4342C /* LaunchScreen.storyboard in Resources */ = {isa = PBXBuildFile; fileRef = 859E4CB023F7FFDA00F4342C /* LaunchScreen.storyboard */; };
		85A41C0C258CFB1D00632089 /* Emerald in Frameworks */ = {isa = PBXBuildFile; productRef = 85A41C0B258CFB1D00632089 /* Emerald */; };
		85AB2A3725CB3DFB00CB1592 /* Collectible.swift in Sources */ = {isa = PBXBuildFile; fileRef = 85AB2A3625CB3DFB00CB1592 /* Collectible.swift */; };
		85B51DA3256A5E4400DDD44E /* GameView.swift in Sources */ = {isa = PBXBuildFile; fileRef = 85B51DA0256A5E4400DDD44E /* GameView.swift */; };
		85B51DA4256A5E4400DDD44E /* Game.swift in Sources */ = {isa = PBXBuildFile; fileRef = 85B51DA1256A5E4400DDD44E /* Game.swift */; };
		85B51DAB256A5E5A00DDD44E /* Stage.swift in Sources */ = {isa = PBXBuildFile; fileRef = 85B51DA8256A5E5A00DDD44E /* Stage.swift */; };
		85B51DAC256A5E5A00DDD44E /* StageView.swift in Sources */ = {isa = PBXBuildFile; fileRef = 85B51DA9256A5E5A00DDD44E /* StageView.swift */; };
		85B51DBB256A5EA500DDD44E /* Bomb.swift in Sources */ = {isa = PBXBuildFile; fileRef = 85B51DB0256A5EA400DDD44E /* Bomb.swift */; };
		85B51DBC256A5EA500DDD44E /* Wall.swift in Sources */ = {isa = PBXBuildFile; fileRef = 85B51DB1256A5EA500DDD44E /* Wall.swift */; };
		85B51DBD256A5EA500DDD44E /* Fire.swift in Sources */ = {isa = PBXBuildFile; fileRef = 85B51DB2256A5EA500DDD44E /* Fire.swift */; };
		85B51DBE256A5EA500DDD44E /* Token.swift in Sources */ = {isa = PBXBuildFile; fileRef = 85B51DB3256A5EA500DDD44E /* Token.swift */; };
		85B51DC1256A5EA500DDD44E /* TokenView.swift in Sources */ = {isa = PBXBuildFile; fileRef = 85B51DB6256A5EA500DDD44E /* TokenView.swift */; };
		85B51DC2256A5EA500DDD44E /* Water.swift in Sources */ = {isa = PBXBuildFile; fileRef = 85B51DB7256A5EA500DDD44E /* Water.swift */; };
		85B51DCB256A5EB400DDD44E /* BoardView.swift in Sources */ = {isa = PBXBuildFile; fileRef = 85B51DC8256A5EB400DDD44E /* BoardView.swift */; };
		85B51DCD256A5EB400DDD44E /* Board.swift in Sources */ = {isa = PBXBuildFile; fileRef = 85B51DCA256A5EB400DDD44E /* Board.swift */; };
		85B51DD5256A739F00DDD44E /* Map.swift in Sources */ = {isa = PBXBuildFile; fileRef = 85B51DD4256A739F00DDD44E /* Map.swift */; };
/* End PBXBuildFile section */

/* Begin PBXFileReference section */
		850EB3CE258EABE900510705 /* Actor.swift */ = {isa = PBXFileReference; lastKnownFileType = sourcecode.swift; name = Actor.swift; path = Source/Actor.swift; sourceTree = "<group>"; };
		850EB3D1258EAFF400510705 /* Trigger.swift */ = {isa = PBXFileReference; lastKnownFileType = sourcecode.swift; name = Trigger.swift; path = Source/Trigger.swift; sourceTree = "<group>"; };
		857402E0257EB984000ABD86 /* Emerald */ = {isa = PBXFileReference; lastKnownFileType = folder; name = Emerald; path = ../Emerald; sourceTree = "<group>"; };
		857402E625817C81000ABD86 /* Target.swift */ = {isa = PBXFileReference; lastKnownFileType = sourcecode.swift; name = Target.swift; path = Source/Target.swift; sourceTree = "<group>"; };
		859E4CA223F7FFD900F4342C /* Sokomatch.app */ = {isa = PBXFileReference; explicitFileType = wrapper.application; includeInIndex = 0; path = Sokomatch.app; sourceTree = BUILT_PRODUCTS_DIR; };
		859E4CA523F7FFD900F4342C /* AppDelegate.swift */ = {isa = PBXFileReference; lastKnownFileType = sourcecode.swift; path = AppDelegate.swift; sourceTree = "<group>"; };
		859E4CA723F7FFD900F4342C /* SceneDelegate.swift */ = {isa = PBXFileReference; lastKnownFileType = sourcecode.swift; path = SceneDelegate.swift; sourceTree = "<group>"; };
		859E4CA923F7FFD900F4342C /* ContentView.swift */ = {isa = PBXFileReference; lastKnownFileType = sourcecode.swift; path = ContentView.swift; sourceTree = "<group>"; };
		859E4CAB23F7FFDA00F4342C /* Assets.xcassets */ = {isa = PBXFileReference; lastKnownFileType = folder.assetcatalog; path = Assets.xcassets; sourceTree = "<group>"; };
		859E4CAE23F7FFDA00F4342C /* Preview Assets.xcassets */ = {isa = PBXFileReference; lastKnownFileType = folder.assetcatalog; path = "Preview Assets.xcassets"; sourceTree = "<group>"; };
		859E4CB123F7FFDA00F4342C /* Base */ = {isa = PBXFileReference; lastKnownFileType = file.storyboard; name = Base; path = Base.lproj/LaunchScreen.storyboard; sourceTree = "<group>"; };
		859E4CB323F7FFDA00F4342C /* Info.plist */ = {isa = PBXFileReference; lastKnownFileType = text.plist.xml; path = Info.plist; sourceTree = "<group>"; };
		85AB2A3625CB3DFB00CB1592 /* Collectible.swift */ = {isa = PBXFileReference; lastKnownFileType = sourcecode.swift; name = Collectible.swift; path = Source/Collectible.swift; sourceTree = "<group>"; };
		85B51DA0256A5E4400DDD44E /* GameView.swift */ = {isa = PBXFileReference; fileEncoding = 4; lastKnownFileType = sourcecode.swift; name = GameView.swift; path = Source/GameView.swift; sourceTree = "<group>"; };
		85B51DA1256A5E4400DDD44E /* Game.swift */ = {isa = PBXFileReference; fileEncoding = 4; lastKnownFileType = sourcecode.swift; name = Game.swift; path = Source/Game.swift; sourceTree = "<group>"; };
		85B51DA8256A5E5A00DDD44E /* Stage.swift */ = {isa = PBXFileReference; fileEncoding = 4; lastKnownFileType = sourcecode.swift; name = Stage.swift; path = Source/Stage.swift; sourceTree = "<group>"; };
		85B51DA9256A5E5A00DDD44E /* StageView.swift */ = {isa = PBXFileReference; fileEncoding = 4; lastKnownFileType = sourcecode.swift; name = StageView.swift; path = Source/StageView.swift; sourceTree = "<group>"; };
		85B51DB0256A5EA400DDD44E /* Bomb.swift */ = {isa = PBXFileReference; fileEncoding = 4; lastKnownFileType = sourcecode.swift; name = Bomb.swift; path = Source/Bomb.swift; sourceTree = "<group>"; };
		85B51DB1256A5EA500DDD44E /* Wall.swift */ = {isa = PBXFileReference; fileEncoding = 4; lastKnownFileType = sourcecode.swift; name = Wall.swift; path = Source/Wall.swift; sourceTree = "<group>"; };
		85B51DB2256A5EA500DDD44E /* Fire.swift */ = {isa = PBXFileReference; fileEncoding = 4; lastKnownFileType = sourcecode.swift; name = Fire.swift; path = Source/Fire.swift; sourceTree = "<group>"; };
		85B51DB3256A5EA500DDD44E /* Token.swift */ = {isa = PBXFileReference; fileEncoding = 4; lastKnownFileType = sourcecode.swift; name = Token.swift; path = Source/Token.swift; sourceTree = "<group>"; };
		85B51DB6256A5EA500DDD44E /* TokenView.swift */ = {isa = PBXFileReference; fileEncoding = 4; lastKnownFileType = sourcecode.swift; name = TokenView.swift; path = Source/TokenView.swift; sourceTree = "<group>"; };
		85B51DB7256A5EA500DDD44E /* Water.swift */ = {isa = PBXFileReference; fileEncoding = 4; lastKnownFileType = sourcecode.swift; name = Water.swift; path = Source/Water.swift; sourceTree = "<group>"; };
		85B51DC8256A5EB400DDD44E /* BoardView.swift */ = {isa = PBXFileReference; fileEncoding = 4; lastKnownFileType = sourcecode.swift; name = BoardView.swift; path = Source/BoardView.swift; sourceTree = "<group>"; };
		85B51DCA256A5EB400DDD44E /* Board.swift */ = {isa = PBXFileReference; fileEncoding = 4; lastKnownFileType = sourcecode.swift; name = Board.swift; path = Source/Board.swift; sourceTree = "<group>"; };
		85B51DD4256A739F00DDD44E /* Map.swift */ = {isa = PBXFileReference; lastKnownFileType = sourcecode.swift; name = Map.swift; path = Source/Map.swift; sourceTree = "<group>"; };
/* End PBXFileReference section */

/* Begin PBXFrameworksBuildPhase section */
		859E4C9F23F7FFD900F4342C /* Frameworks */ = {
			isa = PBXFrameworksBuildPhase;
			buildActionMask = 2147483647;
			files = (
				85A41C0C258CFB1D00632089 /* Emerald in Frameworks */,
			);
			runOnlyForDeploymentPostprocessing = 0;
		};
/* End PBXFrameworksBuildPhase section */

/* Begin PBXGroup section */
		850EB3E0258F694A00510705 /* Editor */ = {
			isa = PBXGroup;
			children = (
			);
			name = Editor;
			sourceTree = "<group>";
		};
		859E4C9923F7FFD900F4342C = {
			isa = PBXGroup;
			children = (
				857402E0257EB984000ABD86 /* Emerald */,
				859E4CA423F7FFD900F4342C /* Sokomatch */,
				859E4CA323F7FFD900F4342C /* Products */,
			);
			sourceTree = "<group>";
		};
		859E4CA323F7FFD900F4342C /* Products */ = {
			isa = PBXGroup;
			children = (
				859E4CA223F7FFD900F4342C /* Sokomatch.app */,
			);
			name = Products;
			sourceTree = "<group>";
		};
		859E4CA423F7FFD900F4342C /* Sokomatch */ = {
			isa = PBXGroup;
			children = (
				850EB3E0258F694A00510705 /* Editor */,
				85B51D9F256A5E3200DDD44E /* Game */,
				85B51DA7256A5E4A00DDD44E /* Stage */,
				85B51DC7256A5EA900DDD44E /* Board */,
				85B51DAF256A5E6400DDD44E /* Token */,
				85B51D9A256A5E1500DDD44E /* Controllers */,
				859E4CA523F7FFD900F4342C /* AppDelegate.swift */,
				859E4CA723F7FFD900F4342C /* SceneDelegate.swift */,
				859E4CA923F7FFD900F4342C /* ContentView.swift */,
				859E4CAB23F7FFDA00F4342C /* Assets.xcassets */,
				859E4CB023F7FFDA00F4342C /* LaunchScreen.storyboard */,
				859E4CB323F7FFDA00F4342C /* Info.plist */,
				859E4CAD23F7FFDA00F4342C /* Preview Content */,
			);
			path = Sokomatch;
			sourceTree = "<group>";
		};
		859E4CAD23F7FFDA00F4342C /* Preview Content */ = {
			isa = PBXGroup;
			children = (
				859E4CAE23F7FFDA00F4342C /* Preview Assets.xcassets */,
			);
			path = "Preview Content";
			sourceTree = "<group>";
		};
		85B51D9A256A5E1500DDD44E /* Controllers */ = {
			isa = PBXGroup;
			children = (
			);
			name = Controllers;
			sourceTree = "<group>";
		};
		85B51D9F256A5E3200DDD44E /* Game */ = {
			isa = PBXGroup;
			children = (
				85B51DA1256A5E4400DDD44E /* Game.swift */,
				85B51DA0256A5E4400DDD44E /* GameView.swift */,
			);
			name = Game;
			sourceTree = "<group>";
		};
		85B51DA7256A5E4A00DDD44E /* Stage */ = {
			isa = PBXGroup;
			children = (
				85B51DA8256A5E5A00DDD44E /* Stage.swift */,
				85B51DA9256A5E5A00DDD44E /* StageView.swift */,
			);
			name = Stage;
			sourceTree = "<group>";
		};
		85B51DAF256A5E6400DDD44E /* Token */ = {
			isa = PBXGroup;
			children = (
				857402E625817C81000ABD86 /* Target.swift */,
				85B51DB0256A5EA400DDD44E /* Bomb.swift */,
				85B51DB1256A5EA500DDD44E /* Wall.swift */,
				85B51DB2256A5EA500DDD44E /* Fire.swift */,
				850EB3CE258EABE900510705 /* Actor.swift */,
				850EB3D1258EAFF400510705 /* Trigger.swift */,
				85B51DB7256A5EA500DDD44E /* Water.swift */,
				85B51DB3256A5EA500DDD44E /* Token.swift */,
				85B51DB6256A5EA500DDD44E /* TokenView.swift */,
				85AB2A3625CB3DFB00CB1592 /* Collectible.swift */,
			);
			name = Token;
			sourceTree = "<group>";
		};
		85B51DC7256A5EA900DDD44E /* Board */ = {
			isa = PBXGroup;
			children = (
				85B51DCA256A5EB400DDD44E /* Board.swift */,
				85B51DC8256A5EB400DDD44E /* BoardView.swift */,
				85B51DD4256A739F00DDD44E /* Map.swift */,
			);
			name = Board;
			sourceTree = "<group>";
		};
/* End PBXGroup section */

/* Begin PBXNativeTarget section */
		859E4CA123F7FFD900F4342C /* Sokomatch */ = {
			isa = PBXNativeTarget;
			buildConfigurationList = 859E4CB623F7FFDA00F4342C /* Build configuration list for PBXNativeTarget "Sokomatch" */;
			buildPhases = (
				859E4C9E23F7FFD900F4342C /* Sources */,
				859E4C9F23F7FFD900F4342C /* Frameworks */,
				859E4CA023F7FFD900F4342C /* Resources */,
			);
			buildRules = (
			);
			dependencies = (
			);
			name = Sokomatch;
			packageProductDependencies = (
				85A41C0B258CFB1D00632089 /* Emerald */,
			);
			productName = Sokomatch;
			productReference = 859E4CA223F7FFD900F4342C /* Sokomatch.app */;
			productType = "com.apple.product-type.application";
		};
/* End PBXNativeTarget section */

/* Begin PBXProject section */
		859E4C9A23F7FFD900F4342C /* Project object */ = {
			isa = PBXProject;
			attributes = {
				LastSwiftUpdateCheck = 1130;
				LastUpgradeCheck = 1240;
				ORGANIZATIONNAME = Berilio;
				TargetAttributes = {
					859E4CA123F7FFD900F4342C = {
						CreatedOnToolsVersion = 11.3.1;
					};
				};
			};
			buildConfigurationList = 859E4C9D23F7FFD900F4342C /* Build configuration list for PBXProject "Sokomatch" */;
			compatibilityVersion = "Xcode 9.3";
			developmentRegion = en;
			hasScannedForEncodings = 0;
			knownRegions = (
				en,
				Base,
			);
			mainGroup = 859E4C9923F7FFD900F4342C;
			packageReferences = (
			);
			productRefGroup = 859E4CA323F7FFD900F4342C /* Products */;
			projectDirPath = "";
			projectRoot = "";
			targets = (
				859E4CA123F7FFD900F4342C /* Sokomatch */,
			);
		};
/* End PBXProject section */

/* Begin PBXResourcesBuildPhase section */
		859E4CA023F7FFD900F4342C /* Resources */ = {
			isa = PBXResourcesBuildPhase;
			buildActionMask = 2147483647;
			files = (
				859E4CB223F7FFDA00F4342C /* LaunchScreen.storyboard in Resources */,
				859E4CAF23F7FFDA00F4342C /* Preview Assets.xcassets in Resources */,
				859E4CAC23F7FFDA00F4342C /* Assets.xcassets in Resources */,
			);
			runOnlyForDeploymentPostprocessing = 0;
		};
/* End PBXResourcesBuildPhase section */

/* Begin PBXSourcesBuildPhase section */
		859E4C9E23F7FFD900F4342C /* Sources */ = {
			isa = PBXSourcesBuildPhase;
			buildActionMask = 2147483647;
			files = (
				859E4CA623F7FFD900F4342C /* AppDelegate.swift in Sources */,
				85B51DBE256A5EA500DDD44E /* Token.swift in Sources */,
				85AB2A3725CB3DFB00CB1592 /* Collectible.swift in Sources */,
				85B51DBC256A5EA500DDD44E /* Wall.swift in Sources */,
				85B51DC1256A5EA500DDD44E /* TokenView.swift in Sources */,
				850EB3D2258EAFF400510705 /* Trigger.swift in Sources */,
				85B51DA4256A5E4400DDD44E /* Game.swift in Sources */,
				85B51DBD256A5EA500DDD44E /* Fire.swift in Sources */,
				85B51DAB256A5E5A00DDD44E /* Stage.swift in Sources */,
				85B51DCB256A5EB400DDD44E /* BoardView.swift in Sources */,
				859E4CA823F7FFD900F4342C /* SceneDelegate.swift in Sources */,
				85B51DCD256A5EB400DDD44E /* Board.swift in Sources */,
				85B51DAC256A5E5A00DDD44E /* StageView.swift in Sources */,
				85B51DC2256A5EA500DDD44E /* Water.swift in Sources */,
				859E4CAA23F7FFD900F4342C /* ContentView.swift in Sources */,
				85B51DD5256A739F00DDD44E /* Map.swift in Sources */,
				857402E725817C81000ABD86 /* Target.swift in Sources */,
				85B51DBB256A5EA500DDD44E /* Bomb.swift in Sources */,
				85B51DA3256A5E4400DDD44E /* GameView.swift in Sources */,
				850EB3CF258EABE900510705 /* Actor.swift in Sources */,
			);
			runOnlyForDeploymentPostprocessing = 0;
		};
/* End PBXSourcesBuildPhase section */

/* Begin PBXVariantGroup section */
		859E4CB023F7FFDA00F4342C /* LaunchScreen.storyboard */ = {
			isa = PBXVariantGroup;
			children = (
				859E4CB123F7FFDA00F4342C /* Base */,
			);
			name = LaunchScreen.storyboard;
			sourceTree = "<group>";
		};
/* End PBXVariantGroup section */

/* Begin XCBuildConfiguration section */
		859E4CB423F7FFDA00F4342C /* Debug */ = {
			isa = XCBuildConfiguration;
			buildSettings = {
				ALWAYS_SEARCH_USER_PATHS = NO;
				CLANG_ANALYZER_NONNULL = YES;
				CLANG_ANALYZER_NUMBER_OBJECT_CONVERSION = YES_AGGRESSIVE;
				CLANG_CXX_LANGUAGE_STANDARD = "gnu++14";
				CLANG_CXX_LIBRARY = "libc++";
				CLANG_ENABLE_MODULES = YES;
				CLANG_ENABLE_OBJC_ARC = YES;
				CLANG_ENABLE_OBJC_WEAK = YES;
				CLANG_WARN_BLOCK_CAPTURE_AUTORELEASING = YES;
				CLANG_WARN_BOOL_CONVERSION = YES;
				CLANG_WARN_COMMA = YES;
				CLANG_WARN_CONSTANT_CONVERSION = YES;
				CLANG_WARN_DEPRECATED_OBJC_IMPLEMENTATIONS = YES;
				CLANG_WARN_DIRECT_OBJC_ISA_USAGE = YES_ERROR;
				CLANG_WARN_DOCUMENTATION_COMMENTS = YES;
				CLANG_WARN_EMPTY_BODY = YES;
				CLANG_WARN_ENUM_CONVERSION = YES;
				CLANG_WARN_INFINITE_RECURSION = YES;
				CLANG_WARN_INT_CONVERSION = YES;
				CLANG_WARN_NON_LITERAL_NULL_CONVERSION = YES;
				CLANG_WARN_OBJC_IMPLICIT_RETAIN_SELF = YES;
				CLANG_WARN_OBJC_LITERAL_CONVERSION = YES;
				CLANG_WARN_OBJC_ROOT_CLASS = YES_ERROR;
				CLANG_WARN_RANGE_LOOP_ANALYSIS = YES;
				CLANG_WARN_STRICT_PROTOTYPES = YES;
				CLANG_WARN_SUSPICIOUS_MOVE = YES;
				CLANG_WARN_UNGUARDED_AVAILABILITY = YES_AGGRESSIVE;
				CLANG_WARN_UNREACHABLE_CODE = YES;
				CLANG_WARN__DUPLICATE_METHOD_MATCH = YES;
				COPY_PHASE_STRIP = NO;
				DEBUG_INFORMATION_FORMAT = dwarf;
				ENABLE_STRICT_OBJC_MSGSEND = YES;
				ENABLE_TESTABILITY = YES;
				GCC_C_LANGUAGE_STANDARD = gnu11;
				GCC_DYNAMIC_NO_PIC = NO;
				GCC_NO_COMMON_BLOCKS = YES;
				GCC_OPTIMIZATION_LEVEL = 0;
				GCC_PREPROCESSOR_DEFINITIONS = (
					"DEBUG=1",
					"$(inherited)",
				);
				GCC_WARN_64_TO_32_BIT_CONVERSION = YES;
				GCC_WARN_ABOUT_RETURN_TYPE = YES_ERROR;
				GCC_WARN_UNDECLARED_SELECTOR = YES;
				GCC_WARN_UNINITIALIZED_AUTOS = YES_AGGRESSIVE;
				GCC_WARN_UNUSED_FUNCTION = YES;
				GCC_WARN_UNUSED_VARIABLE = YES;
				IPHONEOS_DEPLOYMENT_TARGET = 14.0;
				MTL_ENABLE_DEBUG_INFO = INCLUDE_SOURCE;
				MTL_FAST_MATH = YES;
				ONLY_ACTIVE_ARCH = YES;
				SDKROOT = iphoneos;
				SWIFT_ACTIVE_COMPILATION_CONDITIONS = DEBUG;
				SWIFT_OPTIMIZATION_LEVEL = "-Onone";
			};
			name = Debug;
		};
		859E4CB523F7FFDA00F4342C /* Release */ = {
			isa = XCBuildConfiguration;
			buildSettings = {
				ALWAYS_SEARCH_USER_PATHS = NO;
				CLANG_ANALYZER_NONNULL = YES;
				CLANG_ANALYZER_NUMBER_OBJECT_CONVERSION = YES_AGGRESSIVE;
				CLANG_CXX_LANGUAGE_STANDARD = "gnu++14";
				CLANG_CXX_LIBRARY = "libc++";
				CLANG_ENABLE_MODULES = YES;
				CLANG_ENABLE_OBJC_ARC = YES;
				CLANG_ENABLE_OBJC_WEAK = YES;
				CLANG_WARN_BLOCK_CAPTURE_AUTORELEASING = YES;
				CLANG_WARN_BOOL_CONVERSION = YES;
				CLANG_WARN_COMMA = YES;
				CLANG_WARN_CONSTANT_CONVERSION = YES;
				CLANG_WARN_DEPRECATED_OBJC_IMPLEMENTATIONS = YES;
				CLANG_WARN_DIRECT_OBJC_ISA_USAGE = YES_ERROR;
				CLANG_WARN_DOCUMENTATION_COMMENTS = YES;
				CLANG_WARN_EMPTY_BODY = YES;
				CLANG_WARN_ENUM_CONVERSION = YES;
				CLANG_WARN_INFINITE_RECURSION = YES;
				CLANG_WARN_INT_CONVERSION = YES;
				CLANG_WARN_NON_LITERAL_NULL_CONVERSION = YES;
				CLANG_WARN_OBJC_IMPLICIT_RETAIN_SELF = YES;
				CLANG_WARN_OBJC_LITERAL_CONVERSION = YES;
				CLANG_WARN_OBJC_ROOT_CLASS = YES_ERROR;
				CLANG_WARN_RANGE_LOOP_ANALYSIS = YES;
				CLANG_WARN_STRICT_PROTOTYPES = YES;
				CLANG_WARN_SUSPICIOUS_MOVE = YES;
				CLANG_WARN_UNGUARDED_AVAILABILITY = YES_AGGRESSIVE;
				CLANG_WARN_UNREACHABLE_CODE = YES;
				CLANG_WARN__DUPLICATE_METHOD_MATCH = YES;
				COPY_PHASE_STRIP = NO;
				DEBUG_INFORMATION_FORMAT = "dwarf-with-dsym";
				ENABLE_NS_ASSERTIONS = NO;
				ENABLE_STRICT_OBJC_MSGSEND = YES;
				GCC_C_LANGUAGE_STANDARD = gnu11;
				GCC_NO_COMMON_BLOCKS = YES;
				GCC_WARN_64_TO_32_BIT_CONVERSION = YES;
				GCC_WARN_ABOUT_RETURN_TYPE = YES_ERROR;
				GCC_WARN_UNDECLARED_SELECTOR = YES;
				GCC_WARN_UNINITIALIZED_AUTOS = YES_AGGRESSIVE;
				GCC_WARN_UNUSED_FUNCTION = YES;
				GCC_WARN_UNUSED_VARIABLE = YES;
				IPHONEOS_DEPLOYMENT_TARGET = 14.0;
				MTL_ENABLE_DEBUG_INFO = NO;
				MTL_FAST_MATH = YES;
				SDKROOT = iphoneos;
				SWIFT_COMPILATION_MODE = wholemodule;
				SWIFT_OPTIMIZATION_LEVEL = "-O";
				VALIDATE_PRODUCT = YES;
			};
			name = Release;
		};
		859E4CB723F7FFDA00F4342C /* Debug */ = {
			isa = XCBuildConfiguration;
			buildSettings = {
				ASSETCATALOG_COMPILER_APPICON_NAME = AppIcon;
				CODE_SIGN_IDENTITY = "iPhone Developer";
				CODE_SIGN_STYLE = Manual;
				DEVELOPMENT_ASSET_PATHS = "Sokomatch/Preview\\ Content";
				DEVELOPMENT_TEAM = D8WCZ27XYM;
				ENABLE_PREVIEWS = YES;
				INFOPLIST_FILE = Sokomatch/Info.plist;
				LD_RUNPATH_SEARCH_PATHS = (
					"$(inherited)",
					"@executable_path/Frameworks",
				);
				PRODUCT_BUNDLE_IDENTIFIER = io.beril.sokomatch;
				PRODUCT_NAME = "$(TARGET_NAME)";
				PROVISIONING_PROFILE_SPECIFIER = "General Use Dev";
				SWIFT_VERSION = 5.0;
				TARGETED_DEVICE_FAMILY = 1;
			};
			name = Debug;
		};
		859E4CB823F7FFDA00F4342C /* Release */ = {
			isa = XCBuildConfiguration;
			buildSettings = {
				ASSETCATALOG_COMPILER_APPICON_NAME = AppIcon;
				CODE_SIGN_IDENTITY = "iPhone Developer";
				CODE_SIGN_STYLE = Manual;
				DEVELOPMENT_ASSET_PATHS = "Sokomatch/Preview\\ Content";
				DEVELOPMENT_TEAM = D8WCZ27XYM;
				ENABLE_PREVIEWS = YES;
				INFOPLIST_FILE = Sokomatch/Info.plist;
				LD_RUNPATH_SEARCH_PATHS = (
					"$(inherited)",
					"@executable_path/Frameworks",
				);
				PRODUCT_BUNDLE_IDENTIFIER = io.beril.sokomatch;
				PRODUCT_NAME = "$(TARGET_NAME)";
				PROVISIONING_PROFILE_SPECIFIER = "General Use Dev";
				SWIFT_VERSION = 5.0;
				TARGETED_DEVICE_FAMILY = 1;
			};
			name = Release;
		};
/* End XCBuildConfiguration section */

/* Begin XCConfigurationList section */
		859E4C9D23F7FFD900F4342C /* Build configuration list for PBXProject "Sokomatch" */ = {
			isa = XCConfigurationList;
			buildConfigurations = (
				859E4CB423F7FFDA00F4342C /* Debug */,
				859E4CB523F7FFDA00F4342C /* Release */,
			);
			defaultConfigurationIsVisible = 0;
			defaultConfigurationName = Release;
		};
		859E4CB623F7FFDA00F4342C /* Build configuration list for PBXNativeTarget "Sokomatch" */ = {
			isa = XCConfigurationList;
			buildConfigurations = (
				859E4CB723F7FFDA00F4342C /* Debug */,
				859E4CB823F7FFDA00F4342C /* Release */,
			);
			defaultConfigurationIsVisible = 0;
			defaultConfigurationName = Release;
		};
/* End XCConfigurationList section */

/* Begin XCSwiftPackageProductDependency section */
		85A41C0B258CFB1D00632089 /* Emerald */ = {
			isa = XCSwiftPackageProductDependency;
			productName = Emerald;
		};
/* End XCSwiftPackageProductDependency section */
	};
	rootObject = 859E4C9A23F7FFD900F4342C /* Project object */;
}
